github.com/alexpantyukhin/go-pattern-match v0.0.0-20200628201436-c57d5ad3f2c5 h1:Bq65TLHVwjKAnS+kaPOi3lyOpw0rnNmKcw7EsY4WzuM=
github.com/alexpantyukhin/go-pattern-match v0.0.0-20200628201436-c57d5ad3f2c5/go.mod h1:kKcXVKEMnoA0WNb33sZhtYVsZNfZV83jvW+AsFrWVo8=
github.com/btwiuse/gods v0.0.0-20190414062120-7e7cf0aebbb0 h1:RamJoBgLnq2tsdeXwKc/+ytJ30rftG+MBDreHGFWpSw=
github.com/btwiuse/gods v0.0.0-20190414062120-7e7cf0aebbb0/go.mod h1:HemNeMkO+h/A3mRCi9Sr2x3aEzE1sc0nUUl3Eg539hU=
github.com/emirpasic/gods v1.18.1 h1:FXtiHYKDGKCW2KzwZKx0iC0PQmdlorYgdFG9jPXJ1Bc=
github.com/emirpasic/gods v1.18.1/go.mod h1:8tpGGwCnJ5H4r6BWwaV6OrWmMoPhUl5jm/FMNAnJvWQ=
