github.com/lukesampson/figlet v0.0.0-20190211215653-8a3ef4a6ac42 h1:UtyD+eBVdLYSj5/pjfSR6mtnzMgIiOVcFT024G2l4CY=
github.com/lukesampson/figlet v0.0.0-20190211215653-8a3ef4a6ac42/go.mod h1:/peI0OaxVYh7fzA72CD7rUsyGVdF7sCiFw7GcYqOcCw=
github.com/mattn/go-isatty v0.0.14 h1:yVuAays6BHfxijgZPzw+3Zlu5yQgKGP2/hcQbHb7S9Y=
github.com/mattn/go-isatty v0.0.14/go.mod h1:7GGIvUiUoEMVVmxf/4nioHXj79iQHKdU27kJ6hsGG94=
github.com/pkg/errors v0.9.1 h1:FEBLx1zS214owpjy7qsBeixbURkuhQAwrK5UwLGTwt4=
github.com/pkg/errors v0.9.1/go.mod h1:bwawxfHBFNV+L2hUp1rHADufV3IMtnDRdf1r5NINEl0=
golang.org/x/sys v0.0.0-20210630005230-0f9fa26af87c/go.mod h1:oPkhp1MJrh7nUepCBck5+mAzfO9JrbApNNgaTdGDITg=
golang.org/x/sys v0.0.0-20220708085239-5a0f0661e09d h1:/m5NbqQelATgoSPVC2Z23sR4kVNokFwDDyWh/3rGY+I=
golang.org/x/sys v0.0.0-20220708085239-5a0f0661e09d/go.mod h1:oPkhp1MJrh7nUepCBck5+mAzfO9JrbApNNgaTdGDITg=
