github.com/btwiuse/wsconn v0.0.3 h1:FZNQJfgy8iw2p7nNpmrcrRXXZORDRFeILwiTM8LdrfI=
github.com/btwiuse/wsconn v0.0.3/go.mod h1:IVNL6CrPBLCwTBVVb9DbXRSzLua4fF0e25w76MrTqeg=
github.com/coder/websocket v1.8.13 h1:f3QZdXy7uGVz+4uCJy2nTZyM0yTBj8yANEHhqlXZ9FE=
github.com/coder/websocket v1.8.13/go.mod h1:LNVeNrXQZfe5qhS9ALED3uA+l5pPqvwXg3CKoDBB2gs=
github.com/felixge/httpsnoop v1.0.4 h1:NFTV2Zj1bL4mc9sqWACXbQFVBBg2W3GPvqp8/ESS2Wg=
github.com/felixge/httpsnoop v1.0.4/go.mod h1:m8KPJKqk1gH5J9DgRY2ASl2lWCfGKXixSwevea8zH2U=
github.com/gorilla/handlers v1.5.2 h1:cLTUSsNkgcwhgRqvCNmdbRWG0A3N4F+M2nWKdScwyEE=
github.com/gorilla/handlers v1.5.2/go.mod h1:dX+xVpaxdSw+q0Qek8SSsl3dfMk3jNddUkMzo0GtH0w=
github.com/gorilla/websocket v1.5.3 h1:saDtZ6Pbx/0u+bgYQ3q96pZgCzfhKXGPqt7kZ72aNNg=
github.com/gorilla/websocket v1.5.3/go.mod h1:YR8l580nyteQvAITg2hZ9XVh4b55+EU/adAjf1fMHhE=
github.com/rs/cors v1.11.1 h1:eU3gRzXLRK57F5rKMGMZURNdIG4EoAmX8k94r9wXWHA=
github.com/rs/cors v1.11.1/go.mod h1:XyqrcTp5zjWr1wsJ8PIRZssZ8b/WMcMf71DJnit4EMU=
k0s.io v0.1.18-alpha.8 h1:JjLcNpoTFuC/2Ca9J2Sa69x1q/n0qPG22yFps/xA/Xw=
k0s.io v0.1.18-alpha.8/go.mod h1:6g51wn03495nY/yBETR00Rogl4ilTdpVe0QS/tdGw4E=
k0s.io/pkg/middleware v0.1.18-alpha.8 h1:1fOw4ZN4Kj55P6zaYEKuZowvfVDo8LwtY/Bf3v+07yE=
k0s.io/pkg/middleware v0.1.18-alpha.8/go.mod h1:Tl5+1RDO63xMJz3uUxoB644VJw+NpKbzuSmObujjCvI=
nhooyr.io/websocket v1.8.17 h1:KEVeLJkUywCKVsnLIDlD/5gtayKp8VoCkksHCGGfT9Y=
nhooyr.io/websocket v1.8.17/go.mod h1:rN9OFWIUwuxg4fR5tELlYC04bXYowCP9GX47ivo2l+c=
