github.com/btwiuse/gods v0.0.0-20190414062120-7e7cf0aebbb0 h1:RamJoBgLnq2tsdeXwKc/+ytJ30rftG+MBDreHGFWpSw=
github.com/btwiuse/gods v0.0.0-20190414062120-7e7cf0aebbb0/go.mod h1:HemNeMkO+h/A3mRCi9Sr2x3aEzE1sc0nUUl3Eg539hU=
github.com/btwiuse/gods v0.0.0-20220709102725-20662ea32ad9 h1:QNsQLjEYbXh0eDpXGPms5NbqcZDGpTC2ra3QJO/avxg=
github.com/btwiuse/gods v0.0.0-20220709102725-20662ea32ad9/go.mod h1:yyustCF7uwuzGyBgfYfKOfNzT7Zh1VKFwVtedQdPb14=
