github.com/btwiuse/gods v0.0.1 h1:LZs8rCGipp9xKSjRpENvVijtxq60aATn6UL357/bVvU=
github.com/btwiuse/gods v0.0.1/go.mod h1:yyustCF7uwuzGyBgfYfKOfNzT7Zh1VKFwVtedQdPb14=
k0s.io v0.1.18-alpha.8 h1:JjLcNpoTFuC/2Ca9J2Sa69x1q/n0qPG22yFps/xA/Xw=
k0s.io v0.1.18-alpha.8/go.mod h1:6g51wn03495nY/yBETR00Rogl4ilTdpVe0QS/tdGw4E=
